{
  "name": "@magic-spells/puzzle-pieces",
  "version": "0.7.0",
  "lockfileVersion": 3,
  "requires": true,
  "packages": {
    "": {
      "name": "@magic-spells/puzzle-pieces",
      "version": "0.7.0",
      "license": "MIT",
      "devDependencies": {
        "@magic-spells/frame-engine": "^1.0.1",
        "@magic-spells/physics-engine": "^1.0.0",
        "marked": "^17.0.1"
      }
    },
    "node_modules/@magic-spells/frame-engine": {
      "version": "1.0.1",
      "resolved": "https://registry.npmjs.org/@magic-spells/frame-engine/-/frame-engine-1.0.1.tgz",
      "integrity": "sha512-tWWEDbCrC+rc+n8s0Pc85S5U0ztm7MyzycNYaP8xwdMlVXPzeynBP8piPxFG1czrUvgPh7ummjrog7XSStsT1Q==",
      "dev": true,
      "license": "MIT"
    },
    "node_modules/@magic-spells/physics-engine": {
      "version": "1.0.1",
      "resolved": "https://registry.npmjs.org/@magic-spells/physics-engine/-/physics-engine-1.0.1.tgz",
      "integrity": "sha512-W/rGgQrTSW0LAMlDLciGuGNOWKKG98q6x3GXsDRo5t/7KofUAbr4QU+iGIyMOktv5LttcfvH1x24QvZba3FaGQ==",
      "dev": true,
      "license": "MIT"
    },
    "node_modules/marked": {
      "version": "17.0.6",
      "resolved": "https://registry.npmjs.org/marked/-/marked-17.0.6.tgz",
      "integrity": "sha512-gB0gkNafnonOw0obSTEGZTT86IuhILt2Wfx0mWH/1Au83kybTayroZ/V6nS25mN7u8ASy+5fMhgB3XPNrOZdmA==",
      "dev": true,
      "license": "MIT",
      "bin": {
        "marked": "bin/marked.js"
      },
      "engines": {
        "node": ">= 20"
      }
    }
  }
}
